
Microsoft Visual Studio Solution File, Format Version 12.00
# Visual Studio 15
VisualStudioVersion = 15.0.28307.271
MinimumVisualStudioVersion = 10.0.40219.1
Project("{FAE04EC0-301F-11D3-BF4B-00C04F79EFBC}") = "HelloName", "HelloName\HelloName.csproj", "{42E5D1B5-CFF9-4EA8-952A-802055A8570C}"
EndProject
Global
	GlobalSection(SolutionConfigurationPlatforms) = preSolution
		Debug|Any CPU = Debug|Any CPU
		Release|Any CPU = Release|Any CPU
	EndGlobalSection
	GlobalSection(ProjectConfigurationPlatforms) = postSolution
		{42E5D1B5-CFF9-4EA8-952A-802055A8570C}.Debug|Any CPU.ActiveCfg = Debug|Any CPU
		{42E5D1B5-CFF9-4EA8-952A-802055A8570C}.Debug|Any CPU.Build.0 = Debug|Any CPU
		{42E5D1B5-CFF9-4EA8-952A-802055A8570C}.Release|Any CPU.ActiveCfg = Release|Any CPU
		{42E5D1B5-CFF9-4EA8-952A-802055A8570C}.Release|Any CPU.Build.0 = Release|Any CPU
	EndGlobalSection
	GlobalSection(SolutionProperties) = preSolution
		HideSolutionNode = FALSE
	EndGlobalSection
	GlobalSection(ExtensibilityGlobals) = postSolution
		SolutionGuid = {44E46601-AF2D-41AA-9992-E708E60791E3}
	EndGlobalSection
EndGlobal
